schema: '2.0'
stages:
  load_data:
    cmd: python src\load_data.py --config=params.yaml
    deps:
    - path: data_given\Mall_Customers.csv
      md5: fa68f23677495652d6498d63e67b744f
      size: 3981
    - path: src\get_data.py
      md5: 4f990b7136dd3cadbf5ba774cf7f6520
      size: 676
    - path: src\load_data.py
      md5: 540ef7967c0dd2a4ad883fe32436b95e
      size: 587
    outs:
    - path: data\raw\Mall_Customers.csv
      md5: fa68f23677495652d6498d63e67b744f
      size: 3981
  process_data:
    cmd: python src\process_data.py --config=params.yaml
    deps:
    - path: data\raw\Mall_Customers.csv
      md5: fa68f23677495652d6498d63e67b744f
      size: 3981
    - path: src\process_data.py
      md5: 8366d6d3e9fd2470bbd0daf90138c939
      size: 789
    outs:
    - path: data\processed\Mall_Customers.csv
      md5: fa68f23677495652d6498d63e67b744f
      size: 3981
  train_and_evaluate:
    cmd: python src\train_and_evaluate.py --config=params.yaml
    deps:
    - path: data\processed\Mall_Customers.csv
      md5: fa68f23677495652d6498d63e67b744f
      size: 3981
    - path: src\train_and_evaluate.py
      md5: 1007a697701753bcf3766223bffdb76c
      size: 2652
    params:
      params.yaml:
        estimators.KMeans.params.n_clusters: 12
    outs:
    - path: prediction_service/model/model.joblib
      md5: 9f51a20da435456f487a49f0c12971e7.dir
      size: 2394
      nfiles: 1
    - path: report\params.json
      md5: 3c1ee0a35c71541a8b54c2ded3d27d16
      size: 28
    - path: report\scores.json
      md5: 4c0e4763c88321c3c374d4aa8046d809
      size: 50
    - path: saved_models\model.joblib
      md5: 1ce00d8abcb4878c4d1d62d145d303a8
      size: 2394
